
Microsoft Visual Studio Solution File, Format Version 11.00
# Visual Studio 2010
Project("{F184B08F-C81C-45F6-A57F-5ABD9991F28F}") = "DarkSAPI", "DarkSAPI\DarkSAPI.vbproj", "{971D1A62-5AFB-4F0A-A620-B53B3FA6EB03}"
EndProject
Global
	GlobalSection(SolutionConfigurationPlatforms) = preSolution
		Debug|x86 = Debug|x86
		Release|x86 = Release|x86
	EndGlobalSection
	GlobalSection(ProjectConfigurationPlatforms) = postSolution
		{971D1A62-5AFB-4F0A-A620-B53B3FA6EB03}.Debug|x86.ActiveCfg = Debug|x86
		{971D1A62-5AFB-4F0A-A620-B53B3FA6EB03}.Debug|x86.Build.0 = Debug|x86
		{971D1A62-5AFB-4F0A-A620-B53B3FA6EB03}.Release|x86.ActiveCfg = Release|x86
		{971D1A62-5AFB-4F0A-A620-B53B3FA6EB03}.Release|x86.Build.0 = Release|x86
	EndGlobalSection
	GlobalSection(SolutionProperties) = preSolution
		HideSolutionNode = FALSE
	EndGlobalSection
EndGlobal
